github.com/ipv6rslimited/lrucache v1.0.0 h1:Ns9vpipQLPd3E9MHIjkNa4RFoo4/v/Jtr2s5SkWJVnE=
github.com/ipv6rslimited/lrucache v1.0.0/go.mod h1:Xt4GFTJyEZ19s9uPKevgwTtuAW2vMfLyulX/AEDyKe4=
github.com/ipv6rslimited/peter v1.0.4 h1:36MoZUIUFC0MMIeQwq8nK7BbK53tOf8+t0ALnm8hpUE=
github.com/ipv6rslimited/peter v1.0.4/go.mod h1:Oap/pZXH8U9gJJY117QYXSuKjH5i8ENDWXL2W6VbzGo=
